github.com/gofiber/storage/sqlite3 v1.3.8 h1:ywicq0MvlO4H+IbxwvSq3GvTv25fmhEZ1LpEkd8b078=
github.com/gofiber/storage/sqlite3 v1.3.8/go.mod h1:G4A9R3Ac2G9Wpb76F62oEqXUTb0ywjTIr5P7obiZmYc=
github.com/mattn/go-sqlite3 v1.14.22 h1:2gZY6PC6kBnID23Tichd1K+Z0oS6nE/XwU+Vz/5o4kU=
github.com/mattn/go-sqlite3 v1.14.22/go.mod h1:Uh1q+B4BYcTPb+yiD3kU8Ct7aC0hY9fxUwlHK0RXw+Y=
